PODS:
  - Flutter (1.0.0)
  - mdviewer (0.0.1):
    - Flutter

DEPENDENCIES:
  - Flutter (from `Flutter`)
  - mdviewer (from `.symlinks/plugins/mdviewer/ios`)

EXTERNAL SOURCES:
  Flutter:
    :path: Flutter
  mdviewer:
    :path: ".symlinks/plugins/mdviewer/ios"

SPEC CHECKSUMS:
  Flutter: cabc95a1d2626b1b06e7179b784ebcf0c0cde467
  mdviewer: 29e9b4abd1d47133792749638cafffb0f2eaf70f

PODFILE CHECKSUM: 3c63482e143d1b91d2d2560aee9fb04ecc74ac7e

COCOAPODS: 1.17.0
